
Microsoft Visual Studio Solution File, Format Version 12.00
# Visual Studio Version 17
VisualStudioVersion = 17.13.35931.197
MinimumVisualStudioVersion = 10.0.40219.1
Project("{FAE04EC0-301F-11D3-BF4B-00C04F79EFBC}") = "Task_1", "Task_1\Task_1.csproj", "{95ADFA56-BC90-4928-A41E-D0591BF3E376}"
EndProject
Project("{FAE04EC0-301F-11D3-BF4B-00C04F79EFBC}") = "Task_2", "Task_2\Task_2.csproj", "{E2AC9AE6-A50D-427D-B06C-811C0E1E5BFC}"
EndProject
Global
	GlobalSection(SolutionConfigurationPlatforms) = preSolution
		Debug|Any CPU = Debug|Any CPU
		R2020|Any CPU = R2020|Any CPU
		R2021|Any CPU = R2021|Any CPU
		R2022|Any CPU = R2022|Any CPU
		R2023|Any CPU = R2023|Any CPU
		R2024|Any CPU = R2024|Any CPU
		R2025|Any CPU = R2025|Any CPU
		Release|Any CPU = Release|Any CPU
	EndGlobalSection
	GlobalSection(ProjectConfigurationPlatforms) = postSolution
		{95ADFA56-BC90-4928-A41E-D0591BF3E376}.Debug|Any CPU.ActiveCfg = Debug|Any CPU
		{95ADFA56-BC90-4928-A41E-D0591BF3E376}.Debug|Any CPU.Build.0 = Debug|Any CPU
		{95ADFA56-BC90-4928-A41E-D0591BF3E376}.R2020|Any CPU.ActiveCfg = R2020|Any CPU
		{95ADFA56-BC90-4928-A41E-D0591BF3E376}.R2020|Any CPU.Build.0 = R2020|Any CPU
		{95ADFA56-BC90-4928-A41E-D0591BF3E376}.R2021|Any CPU.ActiveCfg = R2021|Any CPU
		{95ADFA56-BC90-4928-A41E-D0591BF3E376}.R2021|Any CPU.Build.0 = R2021|Any CPU
		{95ADFA56-BC90-4928-A41E-D0591BF3E376}.R2022|Any CPU.ActiveCfg = R2022|Any CPU
		{95ADFA56-BC90-4928-A41E-D0591BF3E376}.R2022|Any CPU.Build.0 = R2022|Any CPU
		{95ADFA56-BC90-4928-A41E-D0591BF3E376}.R2023|Any CPU.ActiveCfg = R2023|Any CPU
		{95ADFA56-BC90-4928-A41E-D0591BF3E376}.R2023|Any CPU.Build.0 = R2023|Any CPU
		{95ADFA56-BC90-4928-A41E-D0591BF3E376}.R2024|Any CPU.ActiveCfg = R2024|Any CPU
		{95ADFA56-BC90-4928-A41E-D0591BF3E376}.R2024|Any CPU.Build.0 = R2024|Any CPU
		{95ADFA56-BC90-4928-A41E-D0591BF3E376}.R2025|Any CPU.ActiveCfg = R2025|Any CPU
		{95ADFA56-BC90-4928-A41E-D0591BF3E376}.R2025|Any CPU.Build.0 = R2025|Any CPU
		{95ADFA56-BC90-4928-A41E-D0591BF3E376}.Release|Any CPU.ActiveCfg = Release|Any CPU
		{95ADFA56-BC90-4928-A41E-D0591BF3E376}.Release|Any CPU.Build.0 = Release|Any CPU
		{E2AC9AE6-A50D-427D-B06C-811C0E1E5BFC}.Debug|Any CPU.ActiveCfg = Debug|Any CPU
		{E2AC9AE6-A50D-427D-B06C-811C0E1E5BFC}.Debug|Any CPU.Build.0 = Debug|Any CPU
		{E2AC9AE6-A50D-427D-B06C-811C0E1E5BFC}.R2020|Any CPU.ActiveCfg = R2020|Any CPU
		{E2AC9AE6-A50D-427D-B06C-811C0E1E5BFC}.R2020|Any CPU.Build.0 = R2020|Any CPU
		{E2AC9AE6-A50D-427D-B06C-811C0E1E5BFC}.R2021|Any CPU.ActiveCfg = R2021|Any CPU
		{E2AC9AE6-A50D-427D-B06C-811C0E1E5BFC}.R2021|Any CPU.Build.0 = R2021|Any CPU
		{E2AC9AE6-A50D-427D-B06C-811C0E1E5BFC}.R2022|Any CPU.ActiveCfg = R2022|Any CPU
		{E2AC9AE6-A50D-427D-B06C-811C0E1E5BFC}.R2022|Any CPU.Build.0 = R2022|Any CPU
		{E2AC9AE6-A50D-427D-B06C-811C0E1E5BFC}.R2023|Any CPU.ActiveCfg = R2023|Any CPU
		{E2AC9AE6-A50D-427D-B06C-811C0E1E5BFC}.R2023|Any CPU.Build.0 = R2023|Any CPU
		{E2AC9AE6-A50D-427D-B06C-811C0E1E5BFC}.R2024|Any CPU.ActiveCfg = R2024|Any CPU
		{E2AC9AE6-A50D-427D-B06C-811C0E1E5BFC}.R2024|Any CPU.Build.0 = R2024|Any CPU
		{E2AC9AE6-A50D-427D-B06C-811C0E1E5BFC}.R2025|Any CPU.ActiveCfg = R2025|Any CPU
		{E2AC9AE6-A50D-427D-B06C-811C0E1E5BFC}.R2025|Any CPU.Build.0 = R2025|Any CPU
		{E2AC9AE6-A50D-427D-B06C-811C0E1E5BFC}.Release|Any CPU.ActiveCfg = Release|Any CPU
		{E2AC9AE6-A50D-427D-B06C-811C0E1E5BFC}.Release|Any CPU.Build.0 = Release|Any CPU
	EndGlobalSection
	GlobalSection(SolutionProperties) = preSolution
		HideSolutionNode = FALSE
	EndGlobalSection
	GlobalSection(ExtensibilityGlobals) = postSolution
		SolutionGuid = {BCC88BF5-193D-4339-B67D-2A3E067140BA}
	EndGlobalSection
EndGlobal
